
Microsoft Visual Studio Solution File, Format Version 12.00
# Visual Studio Version 17
VisualStudioVersion = 17.2.32526.322
MinimumVisualStudioVersion = 10.0.40219.1
Project("{FAE04EC0-301F-11D3-BF4B-00C04F79EFBC}") = "BePartner_App_Mid", "BePartner_App_Mid\BePartner_App_Mid.csproj", "{C5CF36EB-AC41-473A-AF11-B324D09FC05B}"
EndProject
Global
	GlobalSection(SolutionConfigurationPlatforms) = preSolution
		Debug|Any CPU = Debug|Any CPU
		Release|Any CPU = Release|Any CPU
	EndGlobalSection
	GlobalSection(ProjectConfigurationPlatforms) = postSolution
		{C5CF36EB-AC41-473A-AF11-B324D09FC05B}.Debug|Any CPU.ActiveCfg = Debug|Any CPU
		{C5CF36EB-AC41-473A-AF11-B324D09FC05B}.Debug|Any CPU.Build.0 = Debug|Any CPU
		{C5CF36EB-AC41-473A-AF11-B324D09FC05B}.Release|Any CPU.ActiveCfg = Release|Any CPU
		{C5CF36EB-AC41-473A-AF11-B324D09FC05B}.Release|Any CPU.Build.0 = Release|Any CPU
	EndGlobalSection
	GlobalSection(SolutionProperties) = preSolution
		HideSolutionNode = FALSE
	EndGlobalSection
	GlobalSection(ExtensibilityGlobals) = postSolution
		SolutionGuid = {D845A0C8-D1DC-46A0-A4A2-A7AB61A8B9F4}
	EndGlobalSection
EndGlobal
